<Solution>
  <Folder Name="/src/">
    <Project Path="src/AdCodicem.Pdf/AdCodicem.Pdf.csproj" />
  </Folder>
  <Folder Name="/tests/">
    <Project Path="tests/AdCodicem.Pdf.Tests/AdCodicem.Pdf.Tests.csproj" />
  </Folder>
  <Folder Name="/bench/">
    <Project Path="bench/AdCodicem.Pdf.Benchmarks/AdCodicem.Pdf.Benchmarks.csproj" />
  </Folder>
</Solution>
