<Solution>
  <Folder Name="/src/">
    <Project Path="src/AdCodicem.Pdf/AdCodicem.Pdf.csproj" />
  </Folder>
  <Folder Name="/tests/">
    <Project Path="tests/AdCodicem.Pdf.TestSupport/AdCodicem.Pdf.TestSupport.csproj" />
    <Project Path="tests/AdCodicem.Pdf.Tests/AdCodicem.Pdf.Tests.csproj" />
    <Project Path="tests/AdCodicem.Pdf.IntegrationTests/AdCodicem.Pdf.IntegrationTests.csproj" />
  </Folder>
  <Folder Name="/samples/">
    <Project Path="samples/ReadDocument/ReadDocument.csproj" />
  </Folder>
  <Folder Name="/benchmarks/">
    <Project Path="benchmarks/AdCodicem.Pdf.Benchmarks/AdCodicem.Pdf.Benchmarks.csproj" />
  </Folder>
</Solution>
